<?xml version="1.0" encoding="utf-8"?>
<Project ToolsVersion="4.0" xmlns="http://schemas.microsoft.com/developer/msbuild/2003">
  <ItemGroup>
    <Filter Include="Fichiers sources">
      <UniqueIdentifier>{4FC737F1-C7A5-4376-A066-2A32D752A2FF}</UniqueIdentifier>
      <Extensions>cpp;c;cc;cxx;c++;cppm;ixx;def;odl;idl;hpj;bat;asm;asmx</Extensions>
    </Filter>
    <Filter Include="Map">
      <UniqueIdentifier>{685edbeb-87d2-4ad8-89bb-1bf6b193a8b4}</UniqueIdentifier>
    </Filter>
    <Filter Include="Entity">
      <UniqueIdentifier>{4c6154cd-04bf-4f8f-a371-eb0e87796ac7}</UniqueIdentifier>
    </Filter>
    <Filter Include="Utils">
      <UniqueIdentifier>{bef78fe4-057f-4f97-ac65-40b22b24f983}</UniqueIdentifier>
    </Filter>
    <Filter Include="Lib">
      <UniqueIdentifier>{83695535-60b6-469b-a78b-307be5f395cd}</UniqueIdentifier>
    </Filter>
    <Filter Include="Entity\Animation">
      <UniqueIdentifier>{6fbe7c4f-bf50-429f-9a31-8a6db7ca2774}</UniqueIdentifier>
    </Filter>
    <Filter Include="Fichiers de ressources">
      <UniqueIdentifier>{67DA6AB6-F800-4c08-8B7A-83BB121AAD01}</UniqueIdentifier>
      <Extensions>rc;ico;cur;bmp;dlg;rc2;rct;bin;rgs;gif;jpg;jpeg;jpe;resx;tiff;tif;png;wav;mfcribbon-ms</Extensions>
    </Filter>
  </ItemGroup>
  <ItemGroup>
    <ClCompile Include="main.cpp">
      <Filter>Fichiers sources</Filter>
    </ClCompile>
    <ClCompile Include="TileMap.cpp">
      <Filter>Map</Filter>
    </ClCompile>
    <ClCompile Include="Player.cpp">
      <Filter>Entity</Filter>
    </ClCompile>
    <ClCompile Include="ParticleSystem.cpp">
      <Filter>Utils</Filter>
    </ClCompile>
    <ClCompile Include="Game.cpp">
      <Filter>Fichiers sources</Filter>
    </ClCompile>
    <ClCompile Include="Animation.cpp">
      <Filter>Entity\Animation</Filter>
    </ClCompile>
    <ClCompile Include="AnimationController.cpp">
      <Filter>Entity\Animation</Filter>
    </ClCompile>
  </ItemGroup>
  <ItemGroup>
    <ClInclude Include="TileMap.h">
      <Filter>Map</Filter>
    </ClInclude>
    <ClInclude Include="Player.h">
      <Filter>Entity</Filter>
    </ClInclude>
    <ClInclude Include="Point.h">
      <Filter>Utils</Filter>
    </ClInclude>
    <ClInclude Include="ParticleSystem.h">
      <Filter>Utils</Filter>
    </ClInclude>
    <ClInclude Include="json.h">
      <Filter>Lib</Filter>
    </ClInclude>
    <ClInclude Include="Game.h">
      <Filter>Fichiers sources</Filter>
    </ClInclude>
    <ClInclude Include="Animation.h">
      <Filter>Entity\Animation</Filter>
    </ClInclude>
    <ClInclude Include="AnimationController.h">
      <Filter>Entity\Animation</Filter>
    </ClInclude>
  </ItemGroup>
  <ItemGroup>
    <None Include="Assets\Map\SandBox.json" />
    <None Include="Assets\Map\SandBox2.json" />
  </ItemGroup>
  <ItemGroup>
    <Image Include="Assets\Map\Minifantasy_ForgottenPlainsTiles.png">
      <Filter>Fichiers de ressources</Filter>
    </Image>
    <Image Include="Assets\Map\Minifantasy_ForgottenPlainsProps.png">
      <Filter>Fichiers de ressources</Filter>
    </Image>
    <Image Include="Assets\PlayerAnimations.png">
      <Filter>Fichiers de ressources</Filter>
    </Image>
  </ItemGroup>
</Project>